PODS:
  - boost-for-react-native (1.63.0)
  - DoubleConversion (1.1.6)
  - Folly (2018.10.22.00):
    - boost-for-react-native
    - DoubleConversion
    - Folly/Default (= 2018.10.22.00)
    - glog
  - Folly/Default (2018.10.22.00):
    - boost-for-react-native
    - DoubleConversion
    - glog
  - FXBlurView (1.6.4)
  - glog (0.3.5)
  - JRSwizzle (1.0)
  - MercadoPagoSDK (4.28):
    - MercadoPagoSDK/Default (= 4.28)
    - MLBusinessComponents (~> 1.0)
  - MercadoPagoSDK/Default (4.28):
    - MLBusinessComponents (~> 1.0)
    - MLCardDrawer (~> 1.0)
    - MLUI (~> 5.0)
  - MLBusinessComponents (1.5.1):
    - MLBusinessComponents/Default (= 1.5.1)
    - MLUI (~> 5.0)
  - MLBusinessComponents/Default (1.5.1):
    - MLUI (~> 5.0)
  - MLCardDrawer (1.2.1)
  - MLUI (5.15.0):
    - MLUI/ActionButton (= 5.15.0)
    - MLUI/Core (= 5.15.0)
    - MLUI/Helpers (= 5.15.0)
    - MLUI/MLButton (= 5.15.0)
    - MLUI/MLCheckBox (= 5.15.0)
    - MLUI/MLColorPalette (= 5.15.0)
    - MLUI/MLContextualMenu (= 5.15.0)
    - MLUI/MLFonts (= 5.15.0)
    - MLUI/MLFullscreenModal (= 5.15.0)
    - MLUI/MLGenericErrorView (= 5.15.0)
    - MLUI/MLHeader (= 5.15.0)
    - MLUI/MLHtml (= 5.15.0)
    - MLUI/MLModal (= 5.15.0)
    - MLUI/MLRadioButton (= 5.15.0)
    - MLUI/MLSnackBar (= 5.15.0)
    - MLUI/MLSpacing (= 5.15.0)
    - MLUI/MLSpinner (= 5.15.0)
    - MLUI/MLSwitch (= 5.15.0)
    - MLUI/MLTextView (= 5.15.0)
    - MLUI/MLTitledMultiLineTextField (= 5.15.0)
    - MLUI/MLTitledSingleLineTextField (= 5.15.0)
    - MLUI/PriceView (= 5.15.0)
    - MLUI/SnackBarView (= 5.15.0)
    - MLUI/StyleSheet (= 5.15.0)
  - MLUI/ActionButton (5.15.0):
    - MLUI/Core
  - MLUI/Core (5.15.0):
    - MLUI/MLFonts
  - MLUI/Helpers (5.15.0)
  - MLUI/MLButton (5.15.0):
    - MLUI/Core
    - MLUI/MLColorPalette
    - MLUI/MLFonts
    - MLUI/MLSpinner
    - MLUI/StyleSheet
  - MLUI/MLCheckBox (5.15.0):
    - MLUI/MLColorPalette
    - MLUI/StyleSheet
  - MLUI/MLColorPalette (5.15.0)
  - MLUI/MLContextualMenu (5.15.0):
    - MLUI/MLColorPalette
    - MLUI/MLFonts
  - MLUI/MLFonts (5.15.0):
    - JRSwizzle (= 1.0)
    - MLUI/Helpers
    - MLUI/StyleSheet
  - MLUI/MLFullscreenModal (5.15.0):
    - FXBlurView (~> 1.6)
    - MLUI/Core
    - MLUI/MLButton
    - MLUI/MLColorPalette
    - MLUI/MLFonts
    - MLUI/MLHeader
    - MLUI/StyleSheet
  - MLUI/MLGenericErrorView (5.15.0):
    - MLUI/MLButton
    - MLUI/MLColorPalette
    - MLUI/MLSpacing
  - MLUI/MLHeader (5.15.0):
    - MLUI/MLColorPalette
    - MLUI/StyleSheet
  - MLUI/MLHtml (5.15.0):
    - MLUI/MLFonts
  - MLUI/MLModal (5.15.0):
    - FXBlurView (~> 1.6)
    - MLUI/Core
    - MLUI/MLButton
    - MLUI/MLColorPalette
    - MLUI/MLFonts
    - MLUI/StyleSheet
  - MLUI/MLRadioButton (5.15.0):
    - MLUI/MLColorPalette
  - MLUI/MLSnackBar (5.15.0):
    - MLUI/Helpers
    - MLUI/MLButton
    - MLUI/MLColorPalette
    - MLUI/MLFonts
  - MLUI/MLSpacing (5.15.0):
    - JRSwizzle (= 1.0)
    - MLUI/MLFonts
  - MLUI/MLSpinner (5.15.0):
    - MLUI/MLColorPalette
    - MLUI/MLFonts
    - MLUI/StyleSheet
  - MLUI/MLSwitch (5.15.0):
    - MLUI/Helpers
    - MLUI/MLColorPalette
  - MLUI/MLTextView (5.15.0):
    - MLUI/MLColorPalette
    - MLUI/MLFonts
  - MLUI/MLTitledMultiLineTextField (5.15.0):
    - MLUI/MLColorPalette
    - MLUI/MLFonts
    - MLUI/MLTitledSingleLineTextField
    - MLUI/StyleSheet
  - MLUI/MLTitledSingleLineTextField (5.15.0):
    - MLUI/MLColorPalette
    - MLUI/MLFonts
    - MLUI/StyleSheet
  - MLUI/PriceView (5.15.0):
    - MLUI/Core
    - MLUI/MLFonts
  - MLUI/SnackBarView (5.15.0):
    - MLUI/Helpers
    - MLUI/MLFonts
  - MLUI/StyleSheet (5.15.0)
  - React (0.61.5):
    - React-Core (= 0.61.5)
    - React-Core/DevSupport (= 0.61.5)
    - React-Core/RCTWebSocket (= 0.61.5)
    - React-RCTActionSheet (= 0.61.5)
    - React-RCTAnimation (= 0.61.5)
    - React-RCTBlob (= 0.61.5)
    - React-RCTImage (= 0.61.5)
    - React-RCTLinking (= 0.61.5)
    - React-RCTNetwork (= 0.61.5)
    - React-RCTSettings (= 0.61.5)
    - React-RCTText (= 0.61.5)
    - React-RCTVibration (= 0.61.5)
  - React-Core (0.61.5):
    - Folly (= 2018.10.22.00)
    - glog
    - React-Core/Default (= 0.61.5)
    - React-cxxreact (= 0.61.5)
    - React-jsi (= 0.61.5)
    - React-jsiexecutor (= 0.61.5)
    - Yoga
  - React-Core/Default (0.61.5):
    - Folly (= 2018.10.22.00)
    - glog
    - React-cxxreact (= 0.61.5)
    - React-jsi (= 0.61.5)
    - React-jsiexecutor (= 0.61.5)
    - Yoga
  - React-Core/DevSupport (0.61.5):
    - Folly (= 2018.10.22.00)
    - glog
    - React-Core/Default (= 0.61.5)
    - React-Core/RCTWebSocket (= 0.61.5)
    - React-cxxreact (= 0.61.5)
    - React-jsi (= 0.61.5)
    - React-jsiexecutor (= 0.61.5)
    - React-jsinspector (= 0.61.5)
    - Yoga
  - React-Core/RCTActionSheetHeaders (0.61.5):
    - Folly (= 2018.10.22.00)
    - glog
    - React-Core/Default
    - React-cxxreact (= 0.61.5)
    - React-jsi (= 0.61.5)
    - React-jsiexecutor (= 0.61.5)
    - Yoga
  - React-Core/RCTAnimationHeaders (0.61.5):
    - Folly (= 2018.10.22.00)
    - glog
    - React-Core/Default
    - React-cxxreact (= 0.61.5)
    - React-jsi (= 0.61.5)
    - React-jsiexecutor (= 0.61.5)
    - Yoga
  - React-Core/RCTBlobHeaders (0.61.5):
    - Folly (= 2018.10.22.00)
    - glog
    - React-Core/Default
    - React-cxxreact (= 0.61.5)
    - React-jsi (= 0.61.5)
    - React-jsiexecutor (= 0.61.5)
    - Yoga
  - React-Core/RCTImageHeaders (0.61.5):
    - Folly (= 2018.10.22.00)
    - glog
    - React-Core/Default
    - React-cxxreact (= 0.61.5)
    - React-jsi (= 0.61.5)
    - React-jsiexecutor (= 0.61.5)
    - Yoga
  - React-Core/RCTLinkingHeaders (0.61.5):
    - Folly (= 2018.10.22.00)
    - glog
    - React-Core/Default
    - React-cxxreact (= 0.61.5)
    - React-jsi (= 0.61.5)
    - React-jsiexecutor (= 0.61.5)
    - Yoga
  - React-Core/RCTNetworkHeaders (0.61.5):
    - Folly (= 2018.10.22.00)
    - glog
    - React-Core/Default
    - React-cxxreact (= 0.61.5)
    - React-jsi (= 0.61.5)
    - React-jsiexecutor (= 0.61.5)
    - Yoga
  - React-Core/RCTSettingsHeaders (0.61.5):
    - Folly (= 2018.10.22.00)
    - glog
    - React-Core/Default
    - React-cxxreact (= 0.61.5)
    - React-jsi (= 0.61.5)
    - React-jsiexecutor (= 0.61.5)
    - Yoga
  - React-Core/RCTTextHeaders (0.61.5):
    - Folly (= 2018.10.22.00)
    - glog
    - React-Core/Default
    - React-cxxreact (= 0.61.5)
    - React-jsi (= 0.61.5)
    - React-jsiexecutor (= 0.61.5)
    - Yoga
  - React-Core/RCTVibrationHeaders (0.61.5):
    - Folly (= 2018.10.22.00)
    - glog
    - React-Core/Default
    - React-cxxreact (= 0.61.5)
    - React-jsi (= 0.61.5)
    - React-jsiexecutor (= 0.61.5)
    - Yoga
  - React-Core/RCTWebSocket (0.61.5):
    - Folly (= 2018.10.22.00)
    - glog
    - React-Core/Default (= 0.61.5)
    - React-cxxreact (= 0.61.5)
    - React-jsi (= 0.61.5)
    - React-jsiexecutor (= 0.61.5)
    - Yoga
  - React-cxxreact (0.61.5):
    - boost-for-react-native (= 1.63.0)
    - DoubleConversion
    - Folly (= 2018.10.22.00)
    - glog
    - React-jsinspector (= 0.61.5)
  - React-jsi (0.61.5):
    - boost-for-react-native (= 1.63.0)
    - DoubleConversion
    - Folly (= 2018.10.22.00)
    - glog
    - React-jsi/Default (= 0.61.5)
  - React-jsi/Default (0.61.5):
    - boost-for-react-native (= 1.63.0)
    - DoubleConversion
    - Folly (= 2018.10.22.00)
    - glog
  - React-jsiexecutor (0.61.5):
    - DoubleConversion
    - Folly (= 2018.10.22.00)
    - glog
    - React-cxxreact (= 0.61.5)
    - React-jsi (= 0.61.5)
  - React-jsinspector (0.61.5)
  - React-RCTActionSheet (0.61.5):
    - React-Core/RCTActionSheetHeaders (= 0.61.5)
  - React-RCTAnimation (0.61.5):
    - React-Core/RCTAnimationHeaders (= 0.61.5)
  - React-RCTBlob (0.61.5):
    - React-Core/RCTBlobHeaders (= 0.61.5)
    - React-Core/RCTWebSocket (= 0.61.5)
    - React-jsi (= 0.61.5)
    - React-RCTNetwork (= 0.61.5)
  - React-RCTImage (0.61.5):
    - React-Core/RCTImageHeaders (= 0.61.5)
    - React-RCTNetwork (= 0.61.5)
  - React-RCTLinking (0.61.5):
    - React-Core/RCTLinkingHeaders (= 0.61.5)
  - React-RCTNetwork (0.61.5):
    - React-Core/RCTNetworkHeaders (= 0.61.5)
  - React-RCTSettings (0.61.5):
    - React-Core/RCTSettingsHeaders (= 0.61.5)
  - React-RCTText (0.61.5):
    - React-Core/RCTTextHeaders (= 0.61.5)
  - React-RCTVibration (0.61.5):
    - React-Core/RCTVibrationHeaders (= 0.61.5)
  - ReactCommon/jscallinvoker (0.61.5):
    - DoubleConversion
    - Folly (= 2018.10.22.00)
    - glog
    - React-cxxreact (= 0.61.5)
  - ReactCommon/turbomodule/core (0.61.5):
    - DoubleConversion
    - Folly (= 2018.10.22.00)
    - glog
    - React-Core (= 0.61.5)
    - React-cxxreact (= 0.61.5)
    - React-jsi (= 0.61.5)
    - ReactCommon/jscallinvoker (= 0.61.5)
  - Yoga (1.14.0)

DEPENDENCIES:
  - DoubleConversion (from `../node_modules/react-native/third-party-podspecs/DoubleConversion.podspec`)
  - Folly (from `../node_modules/react-native/third-party-podspecs/Folly.podspec`)
  - glog (from `../node_modules/react-native/third-party-podspecs/glog.podspec`)
  - MercadoPagoSDK (~> 4.28)
  - React (from `../node_modules/react-native/`)
  - React-Core (from `../node_modules/react-native/`)
  - React-Core/RCTWebSocket (from `../node_modules/react-native/`)
  - React-cxxreact (from `../node_modules/react-native/ReactCommon/cxxreact`)
  - React-jsi (from `../node_modules/react-native/ReactCommon/jsi`)
  - React-jsiexecutor (from `../node_modules/react-native/ReactCommon/jsiexecutor`)
  - React-jsinspector (from `../node_modules/react-native/ReactCommon/jsinspector`)
  - React-RCTActionSheet (from `../node_modules/react-native/Libraries/ActionSheetIOS`)
  - React-RCTAnimation (from `../node_modules/react-native/Libraries/NativeAnimation`)
  - React-RCTBlob (from `../node_modules/react-native/Libraries/Blob`)
  - React-RCTImage (from `../node_modules/react-native/Libraries/Image`)
  - React-RCTLinking (from `../node_modules/react-native/Libraries/LinkingIOS`)
  - React-RCTNetwork (from `../node_modules/react-native/Libraries/Network`)
  - React-RCTSettings (from `../node_modules/react-native/Libraries/Settings`)
  - React-RCTText (from `../node_modules/react-native/Libraries/Text`)
  - React-RCTVibration (from `../node_modules/react-native/Libraries/Vibration`)
  - ReactCommon/jscallinvoker (from `../node_modules/react-native/ReactCommon`)
  - ReactCommon/turbomodule/core (from `../node_modules/react-native/ReactCommon`)
  - Yoga (from `../node_modules/react-native/ReactCommon/yoga`)

SPEC REPOS:
  trunk:
    - boost-for-react-native
    - FXBlurView
    - JRSwizzle
    - MercadoPagoSDK
    - MLBusinessComponents
    - MLCardDrawer
    - MLUI

EXTERNAL SOURCES:
  DoubleConversion:
    :podspec: "../node_modules/react-native/third-party-podspecs/DoubleConversion.podspec"
  Folly:
    :podspec: "../node_modules/react-native/third-party-podspecs/Folly.podspec"
  glog:
    :podspec: "../node_modules/react-native/third-party-podspecs/glog.podspec"
  React:
    :path: "../node_modules/react-native/"
  React-Core:
    :path: "../node_modules/react-native/"
  React-cxxreact:
    :path: "../node_modules/react-native/ReactCommon/cxxreact"
  React-jsi:
    :path: "../node_modules/react-native/ReactCommon/jsi"
  React-jsiexecutor:
    :path: "../node_modules/react-native/ReactCommon/jsiexecutor"
  React-jsinspector:
    :path: "../node_modules/react-native/ReactCommon/jsinspector"
  React-RCTActionSheet:
    :path: "../node_modules/react-native/Libraries/ActionSheetIOS"
  React-RCTAnimation:
    :path: "../node_modules/react-native/Libraries/NativeAnimation"
  React-RCTBlob:
    :path: "../node_modules/react-native/Libraries/Blob"
  React-RCTImage:
    :path: "../node_modules/react-native/Libraries/Image"
  React-RCTLinking:
    :path: "../node_modules/react-native/Libraries/LinkingIOS"
  React-RCTNetwork:
    :path: "../node_modules/react-native/Libraries/Network"
  React-RCTSettings:
    :path: "../node_modules/react-native/Libraries/Settings"
  React-RCTText:
    :path: "../node_modules/react-native/Libraries/Text"
  React-RCTVibration:
    :path: "../node_modules/react-native/Libraries/Vibration"
  ReactCommon:
    :path: "../node_modules/react-native/ReactCommon"
  Yoga:
    :path: "../node_modules/react-native/ReactCommon/yoga"

SPEC CHECKSUMS:
  boost-for-react-native: 39c7adb57c4e60d6c5479dd8623128eb5b3f0f2c
  DoubleConversion: 5805e889d232975c086db112ece9ed034df7a0b2
  Folly: 30e7936e1c45c08d884aa59369ed951a8e68cf51
  FXBlurView: db786c2561cb49a09ae98407f52460096ab8a44f
  glog: 1f3da668190260b06b429bb211bfbee5cd790c28
  JRSwizzle: dd5ead5d913a0f29e7f558200165849f006bb1e3
  MercadoPagoSDK: 2eb8ca6cae86fe6733ba8c85da66a1af2c1c0941
  MLBusinessComponents: 9b84c45f7ac9102bc1bce84e02d2a08d5889dc06
  MLCardDrawer: be09e8c3c30ca9cbaa38e1f86b9ce67b65822526
  MLUI: 60d4a7e1d9f80234d4791bc486175913e0ec0df8
  React: b6a59ef847b2b40bb6e0180a97d0ca716969ac78
  React-Core: 688b451f7d616cc1134ac95295b593d1b5158a04
  React-cxxreact: d0f7bcafa196ae410e5300736b424455e7fb7ba7
  React-jsi: cb2cd74d7ccf4cffb071a46833613edc79cdf8f7
  React-jsiexecutor: d5525f9ed5f782fdbacb64b9b01a43a9323d2386
  React-jsinspector: fa0ecc501688c3c4c34f28834a76302233e29dc0
  React-RCTActionSheet: 600b4d10e3aea0913b5a92256d2719c0cdd26d76
  React-RCTAnimation: 791a87558389c80908ed06cc5dfc5e7920dfa360
  React-RCTBlob: d89293cc0236d9cb0933d85e430b0bbe81ad1d72
  React-RCTImage: 6b8e8df449eb7c814c99a92d6b52de6fe39dea4e
  React-RCTLinking: 121bb231c7503cf9094f4d8461b96a130fabf4a5
  React-RCTNetwork: fb353640aafcee84ca8b78957297bd395f065c9a
  React-RCTSettings: 8db258ea2a5efee381fcf7a6d5044e2f8b68b640
  React-RCTText: 9ccc88273e9a3aacff5094d2175a605efa854dbe
  React-RCTVibration: a49a1f42bf8f5acf1c3e297097517c6b3af377ad
  ReactCommon: 198c7c8d3591f975e5431bec1b0b3b581aa1c5dd
  Yoga: f2a7cd4280bfe2cca5a7aed98ba0eb3d1310f18b

PODFILE CHECKSUM: 1e10dffbf92d5001c896b7b452e033f75b91eed8

COCOAPODS: 1.8.4
